PODS:
  - SwiftWebSocket (2.6.5)
  - SwiftyJSON (3.1.4)
  - Syncs (1.0.3):
    - SwiftWebSocket
    - SwiftyJSON

DEPENDENCIES:
  - Syncs (from `../`)

EXTERNAL SOURCES:
  Syncs:
    :path: ../

SPEC CHECKSUMS:
  SwiftWebSocket: 1ef8a0efb023544643bdf480c1ec4a62b204f293
  SwiftyJSON: c2842d878f95482ffceec5709abc3d05680c0220
  Syncs: fe6a82df7259f90fc56821bec6ebc91026e3d5c7

PODFILE CHECKSUM: a255e063eaf8d0f19dc4924cbeb7038743863e9d

COCOAPODS: 1.2.1
